github.com/apparentlymart/go-cidr v0.0.0-20150831014916-a3ebdb999b83 h1:XPMKRrKQY6qiTiCIY0yWiEY7KBgnIMtEwGauqsZe5eU=
github.com/apparentlymart/go-cidr v0.0.0-20150831014916-a3ebdb999b83/go.mod h1:EBcsNrHc3zQeuaeCeCtQruQm+n9/YjEn/vI25Lg7Gwc=
github.com/aws/aws-sdk-go v1.6.3-0.20161209010626-654534755951 h1:aP2vRlJCRcQOsYptFg+FXfEhKI6MAstE9HQhFtBIu2k=
github.com/aws/aws-sdk-go v1.6.3-0.20161209010626-654534755951/go.mod h1:ZRmQr0FajVIyZ4ZzBYKG5P3ZqPz9IHG41ZoMu1ADI3k=
github.com/bgentry/go-netrc v0.0.0-20140422174119-9fd32a8b3d3d h1:xDfNPAt8lFiC1UJrqV3uuy861HCTo708pDMbjHHdCas=
github.com/bgentry/go-netrc v0.0.0-20140422174119-9fd32a8b3d3d/go.mod h1:6QX/PXZ00z/TKoufEY6K/a0k6AhaJrQKdFe6OfVXsa4=
github.com/creack/pty v1.1.9/go.mod h1:oKZEueFk5CKHvIhNR5MUki03XCEU+Q6VDXinZuGJ33E=
github.com/davecgh/go-spew v1.1.0 h1:ZDRjVQ15GmhC3fiQ8ni8+OwkZQO4DARzQgrnXU1Liz8=
github.com/davecgh/go-spew v1.1.0/go.mod h1:J7Y8YcW2NihsgmVo/mv3lAwl/skON4iLHjSsI+c5H38=
github.com/davecgh/go-spew v1.1.1 h1:vj9j/u1bqnvCEfJOwUhtlOARqs3+rkHYY13jYWTU97c=
github.com/davecgh/go-spew v1.1.1/go.mod h1:J7Y8YcW2NihsgmVo/mv3lAwl/skON4iLHjSsI+c5H38=
github.com/go-ini/ini v1.21.2-0.20161120031036-2ba15ac2dc9c h1:sgsTs+gMEkMAK/Hbf5Ut/PYCP2MTjDBrnvShpq7yFHo=
github.com/go-ini/ini v1.21.2-0.20161120031036-2ba15ac2dc9c/go.mod h1:ByCAeIL28uOIIG0E3PJtZPDL8WnHpFKFOtgjp+3Ies8=
github.com/gopherjs/gopherjs v0.0.0-20181017120253-0766667cb4d1 h1:EGx4pi6eqNxGaHF6qqu48+N2wcFQ5qg5FXgOdqsJ5d8=
github.com/gopherjs/gopherjs v0.0.0-20181017120253-0766667cb4d1/go.mod h1:wJfORRmW1u3UXTncJ5qlYoELFm8eSnnEO6hX4iZ3EWY=
github.com/hashicorp/errwrap v0.0.0-20141028054710-7554cd9344ce h1:prjrVgOk2Yg6w+PflHoszQNLTUh4kaByUcEWM/9uin4=
github.com/hashicorp/errwrap v0.0.0-20141028054710-7554cd9344ce/go.mod h1:YH+1FKiLXxHSkmPseP+kNlulaMuP3n2brvKWEqk/Jc4=
github.com/hashicorp/go-getter v0.0.0-20160912214252-2fbd997432e7 h1:OJanwpU8CPxQHoQqh/8n8uziwDJGTuE5Iy4Dxc2K1OA=
github.com/hashicorp/go-getter v0.0.0-20160912214252-2fbd997432e7/go.mod h1:6rdJFnhkXnzGOJbvkrdv4t9nLwKcVA+tmbQeUlkIzrU=
github.com/hashicorp/go-multierror v0.0.0-20161106172240-8484912a3b99 h1:5f4NqYRr6JelXT0k33PmJB/zWE8AEwnU7XrpWZAwZi0=
github.com/hashicorp/go-multierror v0.0.0-20161106172240-8484912a3b99/go.mod h1:JMRHfdO9jKNzS/+BTlxCjKNQHg/jZAft8U7LloJvN7I=
github.com/hashicorp/go-plugin v0.0.0-20160608022158-8cf118f7a2f0 h1:w8nQAoMbZcz8ua3PCyuc6yJg89h4GwUsY3Nx4HdRufI=
github.com/hashicorp/go-plugin v0.0.0-20160608022158-8cf118f7a2f0/go.mod h1:JSqWYsict+jzcj0+xElxyrBQRPNoiWQuddnxArJ7XHQ=
github.com/hashicorp/go-uuid v0.0.0-20160717022140-64130c7a86d7 h1:w8czuEDeFZo7CdZ2APLO24tTbjzO4cNXTfCkBdtU+wg=
github.com/hashicorp/go-uuid v0.0.0-20160717022140-64130c7a86d7/go.mod h1:6SBZvOh/SIDV7/2o3Jml5SYk/TvGqwFJ/bN7x4byOro=
github.com/hashicorp/go-version v0.0.0-20161031182605-e96d38404026 h1:qWx/DcC6l4ZzuS+JBAzI5XjtLFDCc08zYeZ0kLnaH2g=
github.com/hashicorp/go-version v0.0.0-20161031182605-e96d38404026/go.mod h1:fltr4n8CU8Ke44wwGCBoEymUuxUHl09ZGVZPK5anwXA=
github.com/hashicorp/hcl v1.0.0 h1:0Anlzjpi4vEasTeNFn2mLJgTSwt0+6sfsiTG8qcWGx4=
github.com/hashicorp/hcl v1.0.0/go.mod h1:E5yfLk+7swimpb2L/Alb/PJmXilQ/rhwaUYs4T20WEQ=
github.com/hashicorp/hil v0.0.0-20161209194126-543808c44b24 h1:DkYzfxwQC6jdFs/Y8IHJ7ZjlepcfGqdY6DS26CJ0w7g=
github.com/hashicorp/hil v0.0.0-20161209194126-543808c44b24/go.mod h1:KHvg/R2/dPtaePb16oW4qIyzkMxXOL38xjRN64adsts=
github.com/hashicorp/logutils v0.0.0-20150609070431-0dc08b1671f3 h1:oD64EFjELI9RY9yoWlfua58r+etdnoIC871z+rr6lkA=
github.com/hashicorp/logutils v0.0.0-20150609070431-0dc08b1671f3/go.mod h1:QIAnNjmIWmVIIkWDTG1z5v++HQmx9WQRO+LraFDTW64=
github.com/hashicorp/terraform v0.9.2 h1:9RD/YbqMGWES+VYhQuwiIRxmR1GlmQ05pXfmwVt5Kok=
github.com/hashicorp/terraform v0.9.2/go.mod h1:uN1KUiT7Wdg61fPwsGXQwK3c8PmpIVZrt5Vcb1VrSoM=
github.com/hashicorp/yamux v0.0.0-20160720233140-d1caa6c97c9f h1:K4RDeor/qhbs5ETM85SN8xekXkk+KkOBclNXXM8+UR0=
github.com/hashicorp/yamux v0.0.0-20160720233140-d1caa6c97c9f/go.mod h1:+NfK9FKeTrX5uv1uIXGdwYDTeHna2qgaIlx54MXqjAM=
github.com/jmespath/go-jmespath v0.0.0-20160803190731-bd40a432e4c7 h1:SMvOWPJCES2GdFracYbBQh93GXac8fq7HeN6JnpduB8=
github.com/jmespath/go-jmespath v0.0.0-20160803190731-bd40a432e4c7/go.mod h1:Nht3zPeWKUH0NzdCt2Blrr5ys8VGpn0CEB0cQHVjt7k=
github.com/jtolds/gls v4.20.0+incompatible h1:xdiiI2gbIgH/gLH7ADydsJ1uDOEzR8yvV7C0MuV77Wo=
github.com/jtolds/gls v4.20.0+incompatible/go.mod h1:QJZ7F/aHp+rZTRtaJ1ow/lLfFfVYBRgL+9YlvaHOwJU=
github.com/kr/pty v1.1.1/go.mod h1:pFQYn66WHrOpPYNljwOMqo10TkYh1fy3cYio2l3bCsQ=
github.com/kr/text v0.1.0/go.mod h1:4Jbv+DJW3UT/LiOwJeYQe1efqtUx/iVham/4vfdArNI=
github.com/kr/text v0.2.0 h1:5Nx0Ya0ZqY2ygV366QzturHI13Jq95ApcVaJBhpS+AY=
github.com/kr/text v0.2.0/go.mod h1:eLer722TekiGuMkidMxC/pM04lWEeraHUUmBw8l2grE=
github.com/kylelemons/godebug v0.0.0-20170820004349-d65d576e9348/go.mod h1:B69LEHPfb2qLo0BaaOLcbitczOKLWTsrBG9LczfCD4k=
github.com/kylelemons/godebug v1.1.0 h1:RPNrshWIDI6G2gRW9EHilWtl7Z6Sb1BR0xunSBf0SNc=
github.com/kylelemons/godebug v1.1.0/go.mod h1:9/0rRGxNHcop5bhtWyNeEfOS8JIWk580+fNqagV/RAw=
github.com/mackerelio/mackerel-client-go v0.9.1 h1:IkH7EZMCmu/PWStwSq+ICfwNLGGNSXfSE24ar4eVDCc=
github.com/mackerelio/mackerel-client-go v0.9.1/go.mod h1:/FVnUK7nsg/MEBpIVOCZLYzdIwY5mg/SyAlXDnxVcAI=
github.com/mitchellh/copystructure v0.0.0-20161013195342-5af94aef99f5 h1:zpaRAYp00glucts07iugR0W6zvhvLPp+9oR20M8ULM0=
github.com/mitchellh/copystructure v0.0.0-20161013195342-5af94aef99f5/go.mod h1:eOsF2yLPlBBJPvD+nhl5QMTBSOBbOph6N7j/IDUw7PY=
github.com/mitchellh/go-homedir v1.1.0 h1:lukF9ziXFxDFPkA1vsr5zpc1XuPDn/wFntq5mG+4E0Y=
github.com/mitchellh/go-homedir v1.1.0/go.mod h1:SfyaCUpYCn1Vlf4IUYiD9fPX4A5wJrkLzIz1N1q0pr0=
github.com/mitchellh/hashstructure v0.0.0-20170116052023-ab25296c0f51 h1:qdHlMllk/PTLUrX3XdtXDrLL1lPSfcqUmJD1eYfbapg=
github.com/mitchellh/hashstructure v0.0.0-20170116052023-ab25296c0f51/go.mod h1:QjSHrPWS+BGUVBYkbTZWEnOh3G1DutKwClXU/ABz6AQ=
github.com/mitchellh/mapstructure v1.1.2 h1:fmNYVwqnSfB9mZU6OS2O6GsXM+wcskZDuKQzvN1EDeE=
github.com/mitchellh/mapstructure v1.1.2/go.mod h1:FVVH3fgwuzCH5S8UJGiWEs2h04kUh9fWfEaFds41c1Y=
github.com/mitchellh/reflectwalk v0.0.0-20161004161951-9ad27c461a63 h1:Lg07fpPQGGqj0pHd1+9W/4LMJqRTYZa+Mn8FUryL2/I=
github.com/mitchellh/reflectwalk v0.0.0-20161004161951-9ad27c461a63/go.mod h1:mSTlrgnPZtwu0c4WaC2kGObEpuNDbx0jmZXqmk4esnw=
github.com/niemeyer/pretty v0.0.0-20200227124842-a10e7caefd8e h1:fD57ERR4JtEqsWbfPhv4DMiApHyliiK5xCTNVSPiaAs=
github.com/niemeyer/pretty v0.0.0-20200227124842-a10e7caefd8e/go.mod h1:zD1mROLANZcx1PVRCS0qkT7pwLkGfwJo4zjcN/Tysno=
github.com/pmezard/go-difflib v1.0.0 h1:4DBwDE0NGyQoBHbLQYPwSUPoCMWR5BEzIk/f1lZbAQM=
github.com/pmezard/go-difflib v1.0.0/go.mod h1:iKH77koFhYxTK1pcRnkKkqfTogsbg7gZNVY4sRDYZ/4=
github.com/satori/go.uuid v1.1.1-0.20160927100844-b061729afc07 h1:0OTA2rHAnTd0zaCoNmm7Mu0QYd5IoRIMfTILRPeu8mo=
github.com/satori/go.uuid v1.1.1-0.20160927100844-b061729afc07/go.mod h1:dA0hQrYB0VpLJoorglMZABFdXlWrHn1NEOzdhQKdks0=
github.com/smartystreets/assertions v0.0.0-20180927180507-b2de0cb4f26d h1:zE9ykElWQ6/NYmHa3jpm/yHnI4xSofP+UP6SpjHcSeM=
github.com/smartystreets/assertions v0.0.0-20180927180507-b2de0cb4f26d/go.mod h1:OnSkiWE9lh6wB0YB77sQom3nweQdgAjqCqsofrRNTgc=
github.com/smartystreets/goconvey v1.6.4 h1:fv0U8FUIMPNf1L9lnHLvLhgicrIVChEkdzIKYqbNC9s=
github.com/smartystreets/goconvey v1.6.4/go.mod h1:syvi0/a8iFYH4r/RixwvyeAJjdLS9QV7WQ/tjFTllLA=
github.com/stretchr/objx v0.1.0/go.mod h1:HFkY916IF+rwdDfMAkV7OtwuqBVzrE8GR6GFx+wExME=
github.com/stretchr/testify v1.5.1 h1:nOGnQDM7FYENwehXlg/kFVnos3rEvtKTjRvOWSzb6H4=
github.com/stretchr/testify v1.5.1/go.mod h1:5W2xD1RspED5o8YsWQXVCued0rvSQ+mT+I5cxcmMvtA=
golang.org/x/crypto v0.0.0-20190308221718-c2843e01d9a2/go.mod h1:djNgcEr1/C05ACkg1iLfiJU5Ep61QUkGW8qpdssI0+w=
golang.org/x/net v0.0.0-20190311183353-d8887717615a/go.mod h1:t9HGtf8HONx5eT2rtn7q6eTqICYqUVnKs3thJo3Qplg=
golang.org/x/sys v0.0.0-20190215142949-d0b11bdaac8a/go.mod h1:STP8DvDyc/dI5b8T5hshtkjS+E42TnysNCUPdjciGhY=
golang.org/x/text v0.3.0/go.mod h1:NqM8EUOU14njkJ3fqMW+pc6Ldnwhi/IjpwHt7yyuwOQ=
golang.org/x/tools v0.0.0-20190328211700-ab21143f2384/go.mod h1:LCzVGOaR6xXOjkQ3onu1FJEFr0SW1gC7cKk1uF8kGRs=
gopkg.in/check.v1 v0.0.0-20161208181325-20d25e280405/go.mod h1:Co6ibVJAznAaIkqp8huTwlJQCZ016jof/cbN4VW5Yz0=
gopkg.in/check.v1 v1.0.0-20200227125254-8fa46927fb4f h1:BLraFXnmrev5lT+xlilqcH8XK9/i0At2xKjWk4p6zsU=
gopkg.in/check.v1 v1.0.0-20200227125254-8fa46927fb4f/go.mod h1:Co6ibVJAznAaIkqp8huTwlJQCZ016jof/cbN4VW5Yz0=
gopkg.in/yaml.v2 v2.2.2/go.mod h1:hI93XBmqTisBFMUTm0b8Fm+jr3Dg1NNxqwp+5A1VGuI=
gopkg.in/yaml.v2 v2.2.8 h1:obN1ZagJSUGI0Ek/LBmuj4SNLPfIny3KsKFopxRdj10=
gopkg.in/yaml.v2 v2.2.8/go.mod h1:hI93XBmqTisBFMUTm0b8Fm+jr3Dg1NNxqwp+5A1VGuI=
